// !$*UTF8*$!
{
	archiveVersion = 1;
	classes = {
	};
	objectVersion = 50;
	objects = {

/* Begin PBXBuildFile section */
		E93A4D4B25917D96003DF29D /* AppDelegate.swift in Sources */ = {isa = PBXBuildFile; fileRef = E93A4D4A25917D96003DF29D /* AppDelegate.swift */; };
		E93A4D4D25917D96003DF29D /* SceneDelegate.swift in Sources */ = {isa = PBXBuildFile; fileRef = E93A4D4C25917D96003DF29D /* SceneDelegate.swift */; };
		E93A4D4F25917D96003DF29D /* ViewController.swift in Sources */ = {isa = PBXBuildFile; fileRef = E93A4D4E25917D96003DF29D /* ViewController.swift */; };
		E93A4D5225917D96003DF29D /* Main.storyboard in Resources */ = {isa = PBXBuildFile; fileRef = E93A4D5025917D96003DF29D /* Main.storyboard */; };
		E93A4D5425917D99003DF29D /* Assets.xcassets in Resources */ = {isa = PBXBuildFile; fileRef = E93A4D5325917D99003DF29D /* Assets.xcassets */; };
		E93A4D5725917D99003DF29D /* LaunchScreen.storyboard in Resources */ = {isa = PBXBuildFile; fileRef = E93A4D5525917D99003DF29D /* LaunchScreen.storyboard */; };
		E93A4D6225917D99003DF29D /* PreworkTests.swift in Sources */ = {isa = PBXBuildFile; fileRef = E93A4D6125917D99003DF29D /* PreworkTests.swift */; };
		E93A4D6D25917D99003DF29D /* PreworkUITests.swift in Sources */ = {isa = PBXBuildFile; fileRef = E93A4D6C25917D99003DF29D /* PreworkUITests.swift */; };
/* End PBXBuildFile section */

/* Begin PBXContainerItemProxy section */
		E93A4D5E25917D99003DF29D /* PBXContainerItemProxy */ = {
			isa = PBXContainerItemProxy;
			containerPortal = E93A4D3F25917D96003DF29D /* Project object */;
			proxyType = 1;
			remoteGlobalIDString = E93A4D4625917D96003DF29D;
			remoteInfo = Prework;
		};
		E93A4D6925917D99003DF29D /* PBXContainerItemProxy */ = {
			isa = PBXContainerItemProxy;
			containerPortal = E93A4D3F25917D96003DF29D /* Project object */;
			proxyType = 1;
			remoteGlobalIDString = E93A4D4625917D96003DF29D;
			remoteInfo = Prework;
		};
/* End PBXContainerItemProxy section */

/* Begin PBXFileReference section */
		E93A4D4725917D96003DF29D /* Prework.app */ = {isa = PBXFileReference; explicitFileType = wrapper.application; includeInIndex = 0; path = Prework.app; sourceTree = BUILT_PRODUCTS_DIR; };
		E93A4D4A25917D96003DF29D /* AppDelegate.swift */ = {isa = PBXFileReference; lastKnownFileType = sourcecode.swift; path = AppDelegate.swift; sourceTree = "<group>"; };
		E93A4D4C25917D96003DF29D /* SceneDelegate.swift */ = {isa = PBXFileReference; lastKnownFileType = sourcecode.swift; path = SceneDelegate.swift; sourceTree = "<group>"; };
		E93A4D4E25917D96003DF29D /* ViewController.swift */ = {isa = PBXFileReference; lastKnownFileType = sourcecode.swift; path = ViewController.swift; sourceTree = "<group>"; };
		E93A4D5125917D96003DF29D /* Base */ = {isa = PBXFileReference; lastKnownFileType = file.storyboard; name = Base; path = Base.lproj/Main.storyboard; sourceTree = "<group>"; };
		E93A4D5325917D99003DF29D /* Assets.xcassets */ = {isa = PBXFileReference; lastKnownFileType = folder.assetcatalog; path = Assets.xcassets; sourceTree = "<group>"; };
		E93A4D5625917D99003DF29D /* Base */ = {isa = PBXFileReference; lastKnownFileType = file.storyboard; name = Base; path = Base.lproj/LaunchScreen.storyboard; sourceTree = "<group>"; };
		E93A4D5825917D99003DF29D /* Info.plist */ = {isa = PBXFileReference; lastKnownFileType = text.plist.xml; path = Info.plist; sourceTree = "<group>"; };
		E93A4D5D25917D99003DF29D /* PreworkTests.xctest */ = {isa = PBXFileReference; explicitFileType = wrapper.cfbundle; includeInIndex = 0; path = PreworkTests.xctest; sourceTree = BUILT_PRODUCTS_DIR; };
		E93A4D6125917D99003DF29D /* PreworkTests.swift */ = {isa = PBXFileReference; lastKnownFileType = sourcecode.swift; path = PreworkTests.swift; sourceTree = "<group>"; };
		E93A4D6325917D99003DF29D /* Info.plist */ = {isa = PBXFileReference; lastKnownFileType = text.plist.xml; path = Info.plist; sourceTree = "<group>"; };
		E93A4D6825917D99003DF29D /* PreworkUITests.xctest */ = {isa = PBXFileReference; explicitFileType = wrapper.cfbundle; includeInIndex = 0; path = PreworkUITests.xctest; sourceTree = BUILT_PRODUCTS_DIR; };
		E93A4D6C25917D99003DF29D /* PreworkUITests.swift */ = {isa = PBXFileReference; lastKnownFileType = sourcecode.swift; path = PreworkUITests.swift; sourceTree = "<group>"; };
		E93A4D6E25917D99003DF29D /* Info.plist */ = {isa = PBXFileReference; lastKnownFileType = text.plist.xml; path = Info.plist; sourceTree = "<group>"; };
/* End PBXFileReference section */

/* Begin PBXFrameworksBuildPhase section */
		E93A4D4425917D96003DF29D /* Frameworks */ = {
			isa = PBXFrameworksBuildPhase;
			buildActionMask = 2147483647;
			files = (
			);
			runOnlyForDeploymentPostprocessing = 0;
		};
		E93A4D5A25917D99003DF29D /* Frameworks */ = {
			isa = PBXFrameworksBuildPhase;
			buildActionMask = 2147483647;
			files = (
			);
			runOnlyForDeploymentPostprocessing = 0;
		};
		E93A4D6525917D99003DF29D /* Frameworks */ = {
			isa = PBXFrameworksBuildPhase;
			buildActionMask = 2147483647;
			files = (
			);
			runOnlyForDeploymentPostprocessing = 0;
		};
/* End PBXFrameworksBuildPhase section */

/* Begin PBXGroup section */
		E93A4D3E25917D96003DF29D = {
			isa = PBXGroup;
			children = (
				E93A4D4925917D96003DF29D /* Prework */,
				E93A4D6025917D99003DF29D /* PreworkTests */,
				E93A4D6B25917D99003DF29D /* PreworkUITests */,
				E93A4D4825917D96003DF29D /* Products */,
			);
			sourceTree = "<group>";
		};
		E93A4D4825917D96003DF29D /* Products */ = {
			isa = PBXGroup;
			children = (
				E93A4D4725917D96003DF29D /* Prework.app */,
				E93A4D5D25917D99003DF29D /* PreworkTests.xctest */,
				E93A4D6825917D99003DF29D /* PreworkUITests.xctest */,
			);
			name = Products;
			sourceTree = "<group>";
		};
		E93A4D4925917D96003DF29D /* Prework */ = {
			isa = PBXGroup;
			children = (
				E93A4D4A25917D96003DF29D /* AppDelegate.swift */,
				E93A4D4C25917D96003DF29D /* SceneDelegate.swift */,
				E93A4D4E25917D96003DF29D /* ViewController.swift */,
				E93A4D5025917D96003DF29D /* Main.storyboard */,
				E93A4D5325917D99003DF29D /* Assets.xcassets */,
				E93A4D5525917D99003DF29D /* LaunchScreen.storyboard */,
				E93A4D5825917D99003DF29D /* Info.plist */,
			);
			path = Prework;
			sourceTree = "<group>";
		};
		E93A4D6025917D99003DF29D /* PreworkTests */ = {
			isa = PBXGroup;
			children = (
				E93A4D6125917D99003DF29D /* PreworkTests.swift */,
				E93A4D6325917D99003DF29D /* Info.plist */,
			);
			path = PreworkTests;
			sourceTree = "<group>";
		};
		E93A4D6B25917D99003DF29D /* PreworkUITests */ = {
			isa = PBXGroup;
			children = (
				E93A4D6C25917D99003DF29D /* PreworkUITests.swift */,
				E93A4D6E25917D99003DF29D /* Info.plist */,
			);
			path = PreworkUITests;
			sourceTree = "<group>";
		};
/* End PBXGroup section */

/* Begin PBXNativeTarget section */
		E93A4D4625917D96003DF29D /* Prework */ = {
			isa = PBXNativeTarget;
			buildConfigurationList = E93A4D7125917D99003DF29D /* Build configuration list for PBXNativeTarget "Prework" */;
			buildPhases = (
				E93A4D4325917D96003DF29D /* Sources */,
				E93A4D4425917D96003DF29D /* Frameworks */,
				E93A4D4525917D96003DF29D /* Resources */,
			);
			buildRules = (
			);
			dependencies = (
			);
			name = Prework;
			productName = Prework;
			productReference = E93A4D4725917D96003DF29D /* Prework.app */;
			productType = "com.apple.product-type.application";
		};
		E93A4D5C25917D99003DF29D /* PreworkTests */ = {
			isa = PBXNativeTarget;
			buildConfigurationList = E93A4D7425917D99003DF29D /* Build configuration list for PBXNativeTarget "PreworkTests" */;
			buildPhases = (
				E93A4D5925917D99003DF29D /* Sources */,
				E93A4D5A25917D99003DF29D /* Frameworks */,
				E93A4D5B25917D99003DF29D /* Resources */,
			);
			buildRules = (
			);
			dependencies = (
				E93A4D5F25917D99003DF29D /* PBXTargetDependency */,
			);
			name = PreworkTests;
			productName = PreworkTests;
			productReference = E93A4D5D25917D99003DF29D /* PreworkTests.xctest */;
			productType = "com.apple.product-type.bundle.unit-test";
		};
		E93A4D6725917D99003DF29D /* PreworkUITests */ = {
			isa = PBXNativeTarget;
			buildConfigurationList = E93A4D7725917D99003DF29D /* Build configuration list for PBXNativeTarget "PreworkUITests" */;
			buildPhases = (
				E93A4D6425917D99003DF29D /* Sources */,
				E93A4D6525917D99003DF29D /* Frameworks */,
				E93A4D6625917D99003DF29D /* Resources */,
			);
			buildRules = (
			);
			dependencies = (
				E93A4D6A25917D99003DF29D /* PBXTargetDependency */,
			);
			name = PreworkUITests;
			productName = PreworkUITests;
			productReference = E93A4D6825917D99003DF29D /* PreworkUITests.xctest */;
			productType = "com.apple.product-type.bundle.ui-testing";
		};
/* End PBXNativeTarget section */

/* Begin PBXProject section */
		E93A4D3F25917D96003DF29D /* Project object */ = {
			isa = PBXProject;
			attributes = {
				LastSwiftUpdateCheck = 1230;
				LastUpgradeCheck = 1230;
				TargetAttributes = {
					E93A4D4625917D96003DF29D = {
						CreatedOnToolsVersion = 12.3;
					};
					E93A4D5C25917D99003DF29D = {
						CreatedOnToolsVersion = 12.3;
						TestTargetID = E93A4D4625917D96003DF29D;
					};
					E93A4D6725917D99003DF29D = {
						CreatedOnToolsVersion = 12.3;
						TestTargetID = E93A4D4625917D96003DF29D;
					};
				};
			};
			buildConfigurationList = E93A4D4225917D96003DF29D /* Build configuration list for PBXProject "Prework" */;
			compatibilityVersion = "Xcode 9.3";
			developmentRegion = en;
			hasScannedForEncodings = 0;
			knownRegions = (
				en,
				Base,
			);
			mainGroup = E93A4D3E25917D96003DF29D;
			productRefGroup = E93A4D4825917D96003DF29D /* Products */;
			projectDirPath = "";
			projectRoot = "";
			targets = (
				E93A4D4625917D96003DF29D /* Prework */,
				E93A4D5C25917D99003DF29D /* PreworkTests */,
				E93A4D6725917D99003DF29D /* PreworkUITests */,
			);
		};
/* End PBXProject section */

/* Begin PBXResourcesBuildPhase section */
		E93A4D4525917D96003DF29D /* Resources */ = {
			isa = PBXResourcesBuildPhase;
			buildActionMask = 2147483647;
			files = (
				E93A4D5725917D99003DF29D /* LaunchScreen.storyboard in Resources */,
				E93A4D5425917D99003DF29D /* Assets.xcassets in Resources */,
				E93A4D5225917D96003DF29D /* Main.storyboard in Resources */,
			);
			runOnlyForDeploymentPostprocessing = 0;
		};
		E93A4D5B25917D99003DF29D /* Resources */ = {
			isa = PBXResourcesBuildPhase;
			buildActionMask = 2147483647;
			files = (
			);
			runOnlyForDeploymentPostprocessing = 0;
		};
		E93A4D6625917D99003DF29D /* Resources */ = {
			isa = PBXResourcesBuildPhase;
			buildActionMask = 2147483647;
			files = (
			);
			runOnlyForDeploymentPostprocessing = 0;
		};
/* End PBXResourcesBuildPhase section */

/* Begin PBXSourcesBuildPhase section */
		E93A4D4325917D96003DF29D /* Sources */ = {
			isa = PBXSourcesBuildPhase;
			buildActionMask = 2147483647;
			files = (
				E93A4D4F25917D96003DF29D /* ViewController.swift in Sources */,
				E93A4D4B25917D96003DF29D /* AppDelegate.swift in Sources */,
				E93A4D4D25917D96003DF29D /* SceneDelegate.swift in Sources */,
			);
			runOnlyForDeploymentPostprocessing = 0;
		};
		E93A4D5925917D99003DF29D /* Sources */ = {
			isa = PBXSourcesBuildPhase;
			buildActionMask = 2147483647;
			files = (
				E93A4D6225917D99003DF29D /* PreworkTests.swift in Sources */,
			);
			runOnlyForDeploymentPostprocessing = 0;
		};
		E93A4D6425917D99003DF29D /* Sources */ = {
			isa = PBXSourcesBuildPhase;
			buildActionMask = 2147483647;
			files = (
				E93A4D6D25917D99003DF29D /* PreworkUITests.swift in Sources */,
			);
			runOnlyForDeploymentPostprocessing = 0;
		};
/* End PBXSourcesBuildPhase section */

/* Begin PBXTargetDependency section */
		E93A4D5F25917D99003DF29D /* PBXTargetDependency */ = {
			isa = PBXTargetDependency;
			target = E93A4D4625917D96003DF29D /* Prework */;
			targetProxy = E93A4D5E25917D99003DF29D /* PBXContainerItemProxy */;
		};
		E93A4D6A25917D99003DF29D /* PBXTargetDependency */ = {
			isa = PBXTargetDependency;
			target = E93A4D4625917D96003DF29D /* Prework */;
			targetProxy = E93A4D6925917D99003DF29D /* PBXContainerItemProxy */;
		};
/* End PBXTargetDependency section */

/* Begin PBXVariantGroup section */
		E93A4D5025917D96003DF29D /* Main.storyboard */ = {
			isa = PBXVariantGroup;
			children = (
				E93A4D5125917D96003DF29D /* Base */,
			);
			name = Main.storyboard;
			sourceTree = "<group>";
		};
		E93A4D5525917D99003DF29D /* LaunchScreen.storyboard */ = {
			isa = PBXVariantGroup;
			children = (
				E93A4D5625917D99003DF29D /* Base */,
			);
			name = LaunchScreen.storyboard;
			sourceTree = "<group>";
		};
/* End PBXVariantGroup section */

/* Begin XCBuildConfiguration section */
		E93A4D6F25917D99003DF29D /* Debug */ = {
			isa = XCBuildConfiguration;
			buildSettings = {
				ALWAYS_SEARCH_USER_PATHS = NO;
				CLANG_ANALYZER_NONNULL = YES;
				CLANG_ANALYZER_NUMBER_OBJECT_CONVERSION = YES_AGGRESSIVE;
				CLANG_CXX_LANGUAGE_STANDARD = "gnu++14";
				CLANG_CXX_LIBRARY = "libc++";
				CLANG_ENABLE_MODULES = YES;
				CLANG_ENABLE_OBJC_ARC = YES;
				CLANG_ENABLE_OBJC_WEAK = YES;
				CLANG_WARN_BLOCK_CAPTURE_AUTORELEASING = YES;
				CLANG_WARN_BOOL_CONVERSION = YES;
				CLANG_WARN_COMMA = YES;
				CLANG_WARN_CONSTANT_CONVERSION = YES;
				CLANG_WARN_DEPRECATED_OBJC_IMPLEMENTATIONS = YES;
				CLANG_WARN_DIRECT_OBJC_ISA_USAGE = YES_ERROR;
				CLANG_WARN_DOCUMENTATION_COMMENTS = YES;
				CLANG_WARN_EMPTY_BODY = YES;
				CLANG_WARN_ENUM_CONVERSION = YES;
				CLANG_WARN_INFINITE_RECURSION = YES;
				CLANG_WARN_INT_CONVERSION = YES;
				CLANG_WARN_NON_LITERAL_NULL_CONVERSION = YES;
				CLANG_WARN_OBJC_IMPLICIT_RETAIN_SELF = YES;
				CLANG_WARN_OBJC_LITERAL_CONVERSION = YES;
				CLANG_WARN_OBJC_ROOT_CLASS = YES_ERROR;
				CLANG_WARN_QUOTED_INCLUDE_IN_FRAMEWORK_HEADER = YES;
				CLANG_WARN_RANGE_LOOP_ANALYSIS = YES;
				CLANG_WARN_STRICT_PROTOTYPES = YES;
				CLANG_WARN_SUSPICIOUS_MOVE = YES;
				CLANG_WARN_UNGUARDED_AVAILABILITY = YES_AGGRESSIVE;
				CLANG_WARN_UNREACHABLE_CODE = YES;
				CLANG_WARN__DUPLICATE_METHOD_MATCH = YES;
				COPY_PHASE_STRIP = NO;
				DEBUG_INFORMATION_FORMAT = dwarf;
				ENABLE_STRICT_OBJC_MSGSEND = YES;
				ENABLE_TESTABILITY = YES;
				GCC_C_LANGUAGE_STANDARD = gnu11;
				GCC_DYNAMIC_NO_PIC = NO;
				GCC_NO_COMMON_BLOCKS = YES;
				GCC_OPTIMIZATION_LEVEL = 0;
				GCC_PREPROCESSOR_DEFINITIONS = (
					"DEBUG=1",
					"$(inherited)",
				);
				GCC_WARN_64_TO_32_BIT_CONVERSION = YES;
				GCC_WARN_ABOUT_RETURN_TYPE = YES_ERROR;
				GCC_WARN_UNDECLARED_SELECTOR = YES;
				GCC_WARN_UNINITIALIZED_AUTOS = YES_AGGRESSIVE;
				GCC_WARN_UNUSED_FUNCTION = YES;
				GCC_WARN_UNUSED_VARIABLE = YES;
				IPHONEOS_DEPLOYMENT_TARGET = 14.3;
				MTL_ENABLE_DEBUG_INFO = INCLUDE_SOURCE;
				MTL_FAST_MATH = YES;
				ONLY_ACTIVE_ARCH = YES;
				SDKROOT = iphoneos;
				SWIFT_ACTIVE_COMPILATION_CONDITIONS = DEBUG;
				SWIFT_OPTIMIZATION_LEVEL = "-Onone";
			};
			name = Debug;
		};
		E93A4D7025917D99003DF29D /* Release */ = {
			isa = XCBuildConfiguration;
			buildSettings = {
				ALWAYS_SEARCH_USER_PATHS = NO;
				CLANG_ANALYZER_NONNULL = YES;
				CLANG_ANALYZER_NUMBER_OBJECT_CONVERSION = YES_AGGRESSIVE;
				CLANG_CXX_LANGUAGE_STANDARD = "gnu++14";
				CLANG_CXX_LIBRARY = "libc++";
				CLANG_ENABLE_MODULES = YES;
				CLANG_ENABLE_OBJC_ARC = YES;
				CLANG_ENABLE_OBJC_WEAK = YES;
				CLANG_WARN_BLOCK_CAPTURE_AUTORELEASING = YES;
				CLANG_WARN_BOOL_CONVERSION = YES;
				CLANG_WARN_COMMA = YES;
				CLANG_WARN_CONSTANT_CONVERSION = YES;
				CLANG_WARN_DEPRECATED_OBJC_IMPLEMENTATIONS = YES;
				CLANG_WARN_DIRECT_OBJC_ISA_USAGE = YES_ERROR;
				CLANG_WARN_DOCUMENTATION_COMMENTS = YES;
				CLANG_WARN_EMPTY_BODY = YES;
				CLANG_WARN_ENUM_CONVERSION = YES;
				CLANG_WARN_INFINITE_RECURSION = YES;
				CLANG_WARN_INT_CONVERSION = YES;
				CLANG_WARN_NON_LITERAL_NULL_CONVERSION = YES;
				CLANG_WARN_OBJC_IMPLICIT_RETAIN_SELF = YES;
				CLANG_WARN_OBJC_LITERAL_CONVERSION = YES;
				CLANG_WARN_OBJC_ROOT_CLASS = YES_ERROR;
				CLANG_WARN_QUOTED_INCLUDE_IN_FRAMEWORK_HEADER = YES;
				CLANG_WARN_RANGE_LOOP_ANALYSIS = YES;
				CLANG_WARN_STRICT_PROTOTYPES = YES;
				CLANG_WARN_SUSPICIOUS_MOVE = YES;
				CLANG_WARN_UNGUARDED_AVAILABILITY = YES_AGGRESSIVE;
				CLANG_WARN_UNREACHABLE_CODE = YES;
				CLANG_WARN__DUPLICATE_METHOD_MATCH = YES;
				COPY_PHASE_STRIP = NO;
				DEBUG_INFORMATION_FORMAT = "dwarf-with-dsym";
				ENABLE_NS_ASSERTIONS = NO;
				ENABLE_STRICT_OBJC_MSGSEND = YES;
				GCC_C_LANGUAGE_STANDARD = gnu11;
				GCC_NO_COMMON_BLOCKS = YES;
				GCC_WARN_64_TO_32_BIT_CONVERSION = YES;
				GCC_WARN_ABOUT_RETURN_TYPE = YES_ERROR;
				GCC_WARN_UNDECLARED_SELECTOR = YES;
				GCC_WARN_UNINITIALIZED_AUTOS = YES_AGGRESSIVE;
				GCC_WARN_UNUSED_FUNCTION = YES;
				GCC_WARN_UNUSED_VARIABLE = YES;
				IPHONEOS_DEPLOYMENT_TARGET = 14.3;
				MTL_ENABLE_DEBUG_INFO = NO;
				MTL_FAST_MATH = YES;
				SDKROOT = iphoneos;
				SWIFT_COMPILATION_MODE = wholemodule;
				SWIFT_OPTIMIZATION_LEVEL = "-O";
				VALIDATE_PRODUCT = YES;
			};
			name = Release;
		};
		E93A4D7225917D99003DF29D /* Debug */ = {
			isa = XCBuildConfiguration;
			buildSettings = {
				ASSETCATALOG_COMPILER_APPICON_NAME = AppIcon;
				ASSETCATALOG_COMPILER_GLOBAL_ACCENT_COLOR_NAME = AccentColor;
				CODE_SIGN_STYLE = Automatic;
				INFOPLIST_FILE = Prework/Info.plist;
				LD_RUNPATH_SEARCH_PATHS = (
					"$(inherited)",
					"@executable_path/Frameworks",
				);
				PRODUCT_BUNDLE_IDENTIFIER = memo.com.Prework;
				PRODUCT_NAME = "$(TARGET_NAME)";
				SWIFT_VERSION = 5.0;
				TARGETED_DEVICE_FAMILY = "1,2";
			};
			name = Debug;
		};
		E93A4D7325917D99003DF29D /* Release */ = {
			isa = XCBuildConfiguration;
			buildSettings = {
				ASSETCATALOG_COMPILER_APPICON_NAME = AppIcon;
				ASSETCATALOG_COMPILER_GLOBAL_ACCENT_COLOR_NAME = AccentColor;
				CODE_SIGN_STYLE = Automatic;
				INFOPLIST_FILE = Prework/Info.plist;
				LD_RUNPATH_SEARCH_PATHS = (
					"$(inherited)",
					"@executable_path/Frameworks",
				);
				PRODUCT_BUNDLE_IDENTIFIER = memo.com.Prework;
				PRODUCT_NAME = "$(TARGET_NAME)";
				SWIFT_VERSION = 5.0;
				TARGETED_DEVICE_FAMILY = "1,2";
			};
			name = Release;
		};
		E93A4D7525917D99003DF29D /* Debug */ = {
			isa = XCBuildConfiguration;
			buildSettings = {
				ALWAYS_EMBED_SWIFT_STANDARD_LIBRARIES = YES;
				BUNDLE_LOADER = "$(TEST_HOST)";
				CODE_SIGN_STYLE = Automatic;
				INFOPLIST_FILE = PreworkTests/Info.plist;
				IPHONEOS_DEPLOYMENT_TARGET = 14.3;
				LD_RUNPATH_SEARCH_PATHS = (
					"$(inherited)",
					"@executable_path/Frameworks",
					"@loader_path/Frameworks",
				);
				PRODUCT_BUNDLE_IDENTIFIER = memo.com.PreworkTests;
				PRODUCT_NAME = "$(TARGET_NAME)";
				SWIFT_VERSION = 5.0;
				TARGETED_DEVICE_FAMILY = "1,2";
				TEST_HOST = "$(BUILT_PRODUCTS_DIR)/Prework.app/Prework";
			};
			name = Debug;
		};
		E93A4D7625917D99003DF29D /* Release */ = {
			isa = XCBuildConfiguration;
			buildSettings = {
				ALWAYS_EMBED_SWIFT_STANDARD_LIBRARIES = YES;
				BUNDLE_LOADER = "$(TEST_HOST)";
				CODE_SIGN_STYLE = Automatic;
				INFOPLIST_FILE = PreworkTests/Info.plist;
				IPHONEOS_DEPLOYMENT_TARGET = 14.3;
				LD_RUNPATH_SEARCH_PATHS = (
					"$(inherited)",
					"@executable_path/Frameworks",
					"@loader_path/Frameworks",
				);
				PRODUCT_BUNDLE_IDENTIFIER = memo.com.PreworkTests;
				PRODUCT_NAME = "$(TARGET_NAME)";
				SWIFT_VERSION = 5.0;
				TARGETED_DEVICE_FAMILY = "1,2";
				TEST_HOST = "$(BUILT_PRODUCTS_DIR)/Prework.app/Prework";
			};
			name = Release;
		};
		E93A4D7825917D99003DF29D /* Debug */ = {
			isa = XCBuildConfiguration;
			buildSettings = {
				ALWAYS_EMBED_SWIFT_STANDARD_LIBRARIES = YES;
				CODE_SIGN_STYLE = Automatic;
				INFOPLIST_FILE = PreworkUITests/Info.plist;
				LD_RUNPATH_SEARCH_PATHS = (
					"$(inherited)",
					"@executable_path/Frameworks",
					"@loader_path/Frameworks",
				);
				PRODUCT_BUNDLE_IDENTIFIER = memo.com.PreworkUITests;
				PRODUCT_NAME = "$(TARGET_NAME)";
				SWIFT_VERSION = 5.0;
				TARGETED_DEVICE_FAMILY = "1,2";
				TEST_TARGET_NAME = Prework;
			};
			name = Debug;
		};
		E93A4D7925917D99003DF29D /* Release */ = {
			isa = XCBuildConfiguration;
			buildSettings = {
				ALWAYS_EMBED_SWIFT_STANDARD_LIBRARIES = YES;
				CODE_SIGN_STYLE = Automatic;
				INFOPLIST_FILE = PreworkUITests/Info.plist;
				LD_RUNPATH_SEARCH_PATHS = (
					"$(inherited)",
					"@executable_path/Frameworks",
					"@loader_path/Frameworks",
				);
				PRODUCT_BUNDLE_IDENTIFIER = memo.com.PreworkUITests;
				PRODUCT_NAME = "$(TARGET_NAME)";
				SWIFT_VERSION = 5.0;
				TARGETED_DEVICE_FAMILY = "1,2";
				TEST_TARGET_NAME = Prework;
			};
			name = Release;
		};
/* End XCBuildConfiguration section */

/* Begin XCConfigurationList section */
		E93A4D4225917D96003DF29D /* Build configuration list for PBXProject "Prework" */ = {
			isa = XCConfigurationList;
			buildConfigurations = (
				E93A4D6F25917D99003DF29D /* Debug */,
				E93A4D7025917D99003DF29D /* Release */,
			);
			defaultConfigurationIsVisible = 0;
			defaultConfigurationName = Release;
		};
		E93A4D7125917D99003DF29D /* Build configuration list for PBXNativeTarget "Prework" */ = {
			isa = XCConfigurationList;
			buildConfigurations = (
				E93A4D7225917D99003DF29D /* Debug */,
				E93A4D7325917D99003DF29D /* Release */,
			);
			defaultConfigurationIsVisible = 0;
			defaultConfigurationName = Release;
		};
		E93A4D7425917D99003DF29D /* Build configuration list for PBXNativeTarget "PreworkTests" */ = {
			isa = XCConfigurationList;
			buildConfigurations = (
				E93A4D7525917D99003DF29D /* Debug */,
				E93A4D7625917D99003DF29D /* Release */,
			);
			defaultConfigurationIsVisible = 0;
			defaultConfigurationName = Release;
		};
		E93A4D7725917D99003DF29D /* Build configuration list for PBXNativeTarget "PreworkUITests" */ = {
			isa = XCConfigurationList;
			buildConfigurations = (
				E93A4D7825917D99003DF29D /* Debug */,
				E93A4D7925917D99003DF29D /* Release */,
			);
			defaultConfigurationIsVisible = 0;
			defaultConfigurationName = Release;
		};
/* End XCConfigurationList section */
	};
	rootObject = E93A4D3F25917D96003DF29D /* Project object */;
}
